
Microsoft Visual Studio Solution File, Format Version 12.00
# Visual Studio Version 17
VisualStudioVersion = 17.13.35818.85 d17.13
MinimumVisualStudioVersion = 10.0.40219.1
Project("{888888A0-9F3D-457C-B088-3A5042F75D52}") = "API_Weather", "API_Weather\API_Weather.pyproj", "{32F29406-C9EA-4897-A030-E54B7F44AF38}"
EndProject
Global
	GlobalSection(SolutionConfigurationPlatforms) = preSolution
		Debug|Any CPU = Debug|Any CPU
		Release|Any CPU = Release|Any CPU
	EndGlobalSection
	GlobalSection(ProjectConfigurationPlatforms) = postSolution
		{32F29406-C9EA-4897-A030-E54B7F44AF38}.Debug|Any CPU.ActiveCfg = Debug|Any CPU
		{32F29406-C9EA-4897-A030-E54B7F44AF38}.Release|Any CPU.ActiveCfg = Release|Any CPU
	EndGlobalSection
	GlobalSection(SolutionProperties) = preSolution
		HideSolutionNode = FALSE
	EndGlobalSection
	GlobalSection(ExtensibilityGlobals) = postSolution
		SolutionGuid = {4BAD4658-BF51-4B15-AE53-89B74E08A23F}
	EndGlobalSection
EndGlobal
